<?xml version="1.0" encoding="utf-8"?>
<Project ToolsVersion="4.0" xmlns="http://schemas.microsoft.com/developer/msbuild/2003">
  <ItemGroup>
    <Filter Include="Source Files">
      <UniqueIdentifier>{4FC737F1-C7A5-4376-A066-2A32D752A2FF}</UniqueIdentifier>
      <Extensions>cpp;c;cc;cxx;def;odl;idl;hpj;bat;asm;asmx</Extensions>
    </Filter>
    <Filter Include="Header Files">
      <UniqueIdentifier>{93995380-89BD-4b04-88EB-625FBE52EBFB}</UniqueIdentifier>
      <Extensions>h;hh;hpp;hxx;hm;inl;inc;ipp;xsd</Extensions>
    </Filter>
  </ItemGroup>
  <ItemGroup>
    <ClCompile Include="logger\output\factory_messages\HTMLFactory.cpp">
      <Filter>Source Files</Filter>
    </ClCompile>
    <ClCompile Include="logger\output\VisualStudioOutput.cpp">
      <Filter>Source Files</Filter>
    </ClCompile>
    <ClCompile Include="logger\output\TerminalOutput.cpp">
      <Filter>Source Files</Filter>
    </ClCompile>
    <ClCompile Include="logger\output\HTMLFileOutput.cpp">
      <Filter>Source Files</Filter>
    </ClCompile>
    <ClCompile Include="logger\log.cpp">
      <Filter>Source Files</Filter>
    </ClCompile>
    <ClCompile Include="logger\Logger.cpp">
      <Filter>Source Files</Filter>
    </ClCompile>
    <ClCompile Include="logger\output\factory_messages\TerminalFactory.cpp">
      <Filter>Source Files</Filter>
    </ClCompile>
    <ClCompile Include="test-logger.cpp">
      <Filter>Source Files</Filter>
    </ClCompile>
  </ItemGroup>
  <ItemGroup>
    <ClInclude Include="logger\messages\TypeMessages.h">
      <Filter>Header Files</Filter>
    </ClInclude>
    <ClInclude Include="logger\helpers\time_utils.h">
      <Filter>Header Files</Filter>
    </ClInclude>
    <ClInclude Include="logger\helpers\tuple_utils.h">
      <Filter>Header Files</Filter>
    </ClInclude>
    <ClInclude Include="logger\Logger.h">
      <Filter>Header Files</Filter>
    </ClInclude>
    <ClInclude Include="html\Element.h">
      <Filter>Header Files</Filter>
    </ClInclude>
    <ClInclude Include="html\HTML.h">
      <Filter>Header Files</Filter>
    </ClInclude>
    <ClInclude Include="html\Document.h">
      <Filter>Header Files</Filter>
    </ClInclude>
    <ClInclude Include="logger\output\factory_messages\TerminalFactory.h">
      <Filter>Header Files</Filter>
    </ClInclude>
    <ClInclude Include="logger\output\factory_messages\HTMLFactory.h">
      <Filter>Header Files</Filter>
    </ClInclude>
    <ClInclude Include="logger\output\VisualStudioOutput.h">
      <Filter>Header Files</Filter>
    </ClInclude>
    <ClInclude Include="logger\output\HTMLFileOutput.h">
      <Filter>Header Files</Filter>
    </ClInclude>
    <ClInclude Include="logger\output\TerminalOutput.h">
      <Filter>Header Files</Filter>
    </ClInclude>
    <ClInclude Include="logger\output\BaseOutput.h">
      <Filter>Header Files</Filter>
    </ClInclude>
    <ClInclude Include="logger\log.h">
      <Filter>Header Files</Filter>
    </ClInclude>
    <ClInclude Include="logger\Helper.h">
      <Filter>Header Files</Filter>
    </ClInclude>
  </ItemGroup>
</Project>